
Microsoft Visual Studio Solution File, Format Version 12.00
# Visual Studio 14
VisualStudioVersion = 14.0.25420.1
MinimumVisualStudioVersion = 10.0.40219.1
Project("{A07B5EB6-E848-4116-A8D0-A826331D98C6}") = "BlindBotBattleField", "BlindBotBattleField\BlindBotBattleField.sfproj", "{6926D372-E236-47FC-8EC7-78A86504A769}"
EndProject
Project("{FAE04EC0-301F-11D3-BF4B-00C04F79EFBC}") = "GameManagerActor", "GameManagerActor\GameManagerActor.csproj", "{C3B8E2CE-70C0-4ECE-8BCD-E29592702297}"
EndProject
Project("{FAE04EC0-301F-11D3-BF4B-00C04F79EFBC}") = "GameManagerActor.Interfaces", "GameManagerActor.Interfaces\GameManagerActor.Interfaces.csproj", "{9708EA16-C937-4E21-93FF-347B43D8AB6E}"
EndProject
Project("{FAE04EC0-301F-11D3-BF4B-00C04F79EFBC}") = "LoginService", "LoginService\LoginService.csproj", "{E7DA7C1F-ECDA-4667-83BA-26DDC5A8A7AC}"
EndProject
Project("{FAE04EC0-301F-11D3-BF4B-00C04F79EFBC}") = "LoginService.Interfaces", "LoginService.Interfaces\LoginService.Interfaces.csproj", "{C4DD00EE-EF87-4B53-B0BA-DF7B5D6A2048}"
EndProject
Project("{FAE04EC0-301F-11D3-BF4B-00C04F79EFBC}") = "WebApi", "WebApi\WebApi.csproj", "{D8F181A4-D92A-42FA-B578-E62AFC69BA26}"
EndProject
Global
	GlobalSection(SolutionConfigurationPlatforms) = preSolution
		Debug|Any CPU = Debug|Any CPU
		Debug|x64 = Debug|x64
		Release|Any CPU = Release|Any CPU
		Release|x64 = Release|x64
	EndGlobalSection
	GlobalSection(ProjectConfigurationPlatforms) = postSolution
		{6926D372-E236-47FC-8EC7-78A86504A769}.Debug|Any CPU.ActiveCfg = Debug|x64
		{6926D372-E236-47FC-8EC7-78A86504A769}.Debug|x64.ActiveCfg = Debug|x64
		{6926D372-E236-47FC-8EC7-78A86504A769}.Debug|x64.Build.0 = Debug|x64
		{6926D372-E236-47FC-8EC7-78A86504A769}.Debug|x64.Deploy.0 = Debug|x64
		{6926D372-E236-47FC-8EC7-78A86504A769}.Release|Any CPU.ActiveCfg = Release|x64
		{6926D372-E236-47FC-8EC7-78A86504A769}.Release|x64.ActiveCfg = Release|x64
		{6926D372-E236-47FC-8EC7-78A86504A769}.Release|x64.Build.0 = Release|x64
		{6926D372-E236-47FC-8EC7-78A86504A769}.Release|x64.Deploy.0 = Release|x64
		{C3B8E2CE-70C0-4ECE-8BCD-E29592702297}.Debug|Any CPU.ActiveCfg = Debug|x64
		{C3B8E2CE-70C0-4ECE-8BCD-E29592702297}.Debug|x64.ActiveCfg = Debug|x64
		{C3B8E2CE-70C0-4ECE-8BCD-E29592702297}.Debug|x64.Build.0 = Debug|x64
		{C3B8E2CE-70C0-4ECE-8BCD-E29592702297}.Release|Any CPU.ActiveCfg = Release|x64
		{C3B8E2CE-70C0-4ECE-8BCD-E29592702297}.Release|x64.ActiveCfg = Release|x64
		{C3B8E2CE-70C0-4ECE-8BCD-E29592702297}.Release|x64.Build.0 = Release|x64
		{9708EA16-C937-4E21-93FF-347B43D8AB6E}.Debug|Any CPU.ActiveCfg = Debug|x64
		{9708EA16-C937-4E21-93FF-347B43D8AB6E}.Debug|x64.ActiveCfg = Debug|x64
		{9708EA16-C937-4E21-93FF-347B43D8AB6E}.Debug|x64.Build.0 = Debug|x64
		{9708EA16-C937-4E21-93FF-347B43D8AB6E}.Release|Any CPU.ActiveCfg = Release|x64
		{9708EA16-C937-4E21-93FF-347B43D8AB6E}.Release|x64.ActiveCfg = Release|x64
		{9708EA16-C937-4E21-93FF-347B43D8AB6E}.Release|x64.Build.0 = Release|x64
		{E7DA7C1F-ECDA-4667-83BA-26DDC5A8A7AC}.Debug|Any CPU.ActiveCfg = Debug|x64
		{E7DA7C1F-ECDA-4667-83BA-26DDC5A8A7AC}.Debug|x64.ActiveCfg = Debug|x64
		{E7DA7C1F-ECDA-4667-83BA-26DDC5A8A7AC}.Debug|x64.Build.0 = Debug|x64
		{E7DA7C1F-ECDA-4667-83BA-26DDC5A8A7AC}.Release|Any CPU.ActiveCfg = Release|x64
		{E7DA7C1F-ECDA-4667-83BA-26DDC5A8A7AC}.Release|x64.ActiveCfg = Release|x64
		{E7DA7C1F-ECDA-4667-83BA-26DDC5A8A7AC}.Release|x64.Build.0 = Release|x64
		{C4DD00EE-EF87-4B53-B0BA-DF7B5D6A2048}.Debug|Any CPU.ActiveCfg = Debug|x64
		{C4DD00EE-EF87-4B53-B0BA-DF7B5D6A2048}.Debug|x64.ActiveCfg = Debug|x64
		{C4DD00EE-EF87-4B53-B0BA-DF7B5D6A2048}.Debug|x64.Build.0 = Debug|x64
		{C4DD00EE-EF87-4B53-B0BA-DF7B5D6A2048}.Release|Any CPU.ActiveCfg = Release|x64
		{C4DD00EE-EF87-4B53-B0BA-DF7B5D6A2048}.Release|x64.ActiveCfg = Release|x64
		{C4DD00EE-EF87-4B53-B0BA-DF7B5D6A2048}.Release|x64.Build.0 = Release|x64
		{D8F181A4-D92A-42FA-B578-E62AFC69BA26}.Debug|Any CPU.ActiveCfg = Debug|x64
		{D8F181A4-D92A-42FA-B578-E62AFC69BA26}.Debug|x64.ActiveCfg = Debug|x64
		{D8F181A4-D92A-42FA-B578-E62AFC69BA26}.Debug|x64.Build.0 = Debug|x64
		{D8F181A4-D92A-42FA-B578-E62AFC69BA26}.Release|Any CPU.ActiveCfg = Release|x64
		{D8F181A4-D92A-42FA-B578-E62AFC69BA26}.Release|x64.ActiveCfg = Release|x64
		{D8F181A4-D92A-42FA-B578-E62AFC69BA26}.Release|x64.Build.0 = Release|x64
	EndGlobalSection
	GlobalSection(SolutionProperties) = preSolution
		HideSolutionNode = FALSE
	EndGlobalSection
EndGlobal
